
Microsoft Visual Studio Solution File, Format Version 12.00
# Visual Studio 15
VisualStudioVersion = 15.0.27703.2018
MinimumVisualStudioVersion = 10.0.40219.1
Project("{FAE04EC0-301F-11D3-BF4B-00C04F79EFBC}") = "Domain", "Domain\Domain.csproj", "{9FE58F22-FDCB-4D02-B1DB-C9F5F257EAB8}"
EndProject
Project("{FAE04EC0-301F-11D3-BF4B-00C04F79EFBC}") = "Domain.Test", "Domain.Test\Domain.Test.csproj", "{0D4D76BE-54D7-43C1-8539-29A0204E3CC9}"
EndProject
Global
	GlobalSection(SolutionConfigurationPlatforms) = preSolution
		Debug|Any CPU = Debug|Any CPU
		Release|Any CPU = Release|Any CPU
	EndGlobalSection
	GlobalSection(ProjectConfigurationPlatforms) = postSolution
		{9FE58F22-FDCB-4D02-B1DB-C9F5F257EAB8}.Debug|Any CPU.ActiveCfg = Debug|Any CPU
		{9FE58F22-FDCB-4D02-B1DB-C9F5F257EAB8}.Debug|Any CPU.Build.0 = Debug|Any CPU
		{9FE58F22-FDCB-4D02-B1DB-C9F5F257EAB8}.Release|Any CPU.ActiveCfg = Release|Any CPU
		{9FE58F22-FDCB-4D02-B1DB-C9F5F257EAB8}.Release|Any CPU.Build.0 = Release|Any CPU
		{0D4D76BE-54D7-43C1-8539-29A0204E3CC9}.Debug|Any CPU.ActiveCfg = Debug|Any CPU
		{0D4D76BE-54D7-43C1-8539-29A0204E3CC9}.Debug|Any CPU.Build.0 = Debug|Any CPU
		{0D4D76BE-54D7-43C1-8539-29A0204E3CC9}.Release|Any CPU.ActiveCfg = Release|Any CPU
		{0D4D76BE-54D7-43C1-8539-29A0204E3CC9}.Release|Any CPU.Build.0 = Release|Any CPU
	EndGlobalSection
	GlobalSection(SolutionProperties) = preSolution
		HideSolutionNode = FALSE
	EndGlobalSection
	GlobalSection(ExtensibilityGlobals) = postSolution
		SolutionGuid = {EB1E0BCD-3E80-49E3-B3DE-FF0215E6FFEE}
	EndGlobalSection
EndGlobal
